
Microsoft Visual Studio Solution File, Format Version 12.00
# Visual Studio Version 17
VisualStudioVersion = 17.11.35222.181
MinimumVisualStudioVersion = 10.0.40219.1
Project("{8BC9CEB8-8B4A-11D0-8D11-00A0C91BC942}") = "LG3_AQ1", "LG3_AQ1\LG3_AQ1.vcxproj", "{2A9228E4-A62F-45BB-9FB8-1B4DF05543FD}"
EndProject
Project("{8BC9CEB8-8B4A-11D0-8D11-00A0C91BC942}") = "LG3_AQ2", "LG3_AQ2\LG3_AQ2.vcxproj", "{D5E8DAAE-E861-496C-B9B0-2051B96A219A}"
EndProject
Project("{8BC9CEB8-8B4A-11D0-8D11-00A0C91BC942}") = "LG3_AQ3", "LG3_AQ3\LG3_AQ3.vcxproj", "{7B7CA395-97B0-4BF9-ACE3-F62F3FC3144E}"
EndProject
Project("{8BC9CEB8-8B4A-11D0-8D11-00A0C91BC942}") = "LG4_AQ2", "LG4_AQ2\LG4_AQ2.vcxproj", "{82C6DDFF-7EF7-4EEA-B650-4BD7FF7DB0CD}"
EndProject
Project("{8BC9CEB8-8B4A-11D0-8D11-00A0C91BC942}") = "LG5_Q5", "LG5_Q5\LG5_Q5.vcxproj", "{F3DCE1D9-9F72-4DB8-815C-25168F33529E}"
EndProject
Project("{8BC9CEB8-8B4A-11D0-8D11-00A0C91BC942}") = "LG5_AQ1", "LG5_AQ1\LG5_AQ1.vcxproj", "{43EB2933-B2BF-4004-A1F1-930F718001B0}"
EndProject
Project("{8BC9CEB8-8B4A-11D0-8D11-00A0C91BC942}") = "LG5_AQ2", "LG5_AQ2\LG5_AQ2.vcxproj", "{2660B8D8-047A-4481-876F-CD746DA709EE}"
EndProject
Project("{8BC9CEB8-8B4A-11D0-8D11-00A0C91BC942}") = "LG7_AQ1", "LG_AQ1\LG_AQ1.vcxproj", "{FB5C95D2-003A-4D8C-83DD-E0EE5FDE2899}"
EndProject
Project("{8BC9CEB8-8B4A-11D0-8D11-00A0C91BC942}") = "LG7_AQ2", "LG7_AQ2\LG7_AQ2.vcxproj", "{CCBD25EC-265F-47D8-BB73-F6A913C03E77}"
EndProject
Project("{8BC9CEB8-8B4A-11D0-8D11-00A0C91BC942}") = "ExtraQuestion1", "ExtraQuestion1\ExtraQuestion1.vcxproj", "{5C21BFE1-0D61-4825-A23E-C2C90784AE06}"
EndProject
Project("{8BC9CEB8-8B4A-11D0-8D11-00A0C91BC942}") = "LG8_Q4", "LG8_Q4\LG8_Q4.vcxproj", "{F0A3A5FD-A1DE-417C-AC7D-2E83E9CE0CE8}"
EndProject
Project("{8BC9CEB8-8B4A-11D0-8D11-00A0C91BC942}") = "LG8_AQ2", "LG8_AQ2\LG8_AQ2.vcxproj", "{1052A20C-D940-4A5A-AD15-6671995F05AC}"
EndProject
Project("{8BC9CEB8-8B4A-11D0-8D11-00A0C91BC942}") = "LG9_Q4", "LG9_Q4\LG9_Q4.vcxproj", "{F7A98E6C-57B7-4202-8B00-DCC3441A8A5A}"
EndProject
Project("{8BC9CEB8-8B4A-11D0-8D11-00A0C91BC942}") = "LG9_AQ1", "LG9_AQ1\LG9_AQ1.vcxproj", "{853A0FB3-A5A2-4140-987A-876E8FC3DC2C}"
EndProject
Project("{8BC9CEB8-8B4A-11D0-8D11-00A0C91BC942}") = "LG9_AQ2", "LG9_AQ2\LG9_AQ2.vcxproj", "{1592339F-B3D6-41E8-8A8C-67D46B9E7077}"
EndProject
Project("{8BC9CEB8-8B4A-11D0-8D11-00A0C91BC942}") = "EQ1", "EQ1\EQ1.vcxproj", "{B854BB4C-95F0-486D-B3D2-26134D3AEE09}"
EndProject
Project("{8BC9CEB8-8B4A-11D0-8D11-00A0C91BC942}") = "EQ2", "EQ2\EQ2.vcxproj", "{6F0062AB-2BE1-46E2-8ADA-8275EF4378E7}"
EndProject
Project("{8BC9CEB8-8B4A-11D0-8D11-00A0C91BC942}") = "EQ3", "EQ3\EQ3.vcxproj", "{8EFA2338-4945-4617-990F-03293BD167FC}"
EndProject
Project("{8BC9CEB8-8B4A-11D0-8D11-00A0C91BC942}") = "EQ4", "EQ4\EQ4.vcxproj", "{3EA3FEBD-9282-469A-B1B1-9766AA7FF1F6}"
EndProject
Project("{8BC9CEB8-8B4A-11D0-8D11-00A0C91BC942}") = "LG3_Q4", "LG3_Q4\LG3_Q4.vcxproj", "{E0EE51AF-0C02-44AD-86BB-974E826DA82D}"
EndProject
Project("{8BC9CEB8-8B4A-11D0-8D11-00A0C91BC942}") = "LG3_Q5", "LG3_Q5\LG3_Q5.vcxproj", "{851930CE-F615-494B-AB27-71578AEF7FC1}"
EndProject
Project("{8BC9CEB8-8B4A-11D0-8D11-00A0C91BC942}") = "LG5_Q3", "LG5_Q3\LG5_Q3.vcxproj", "{1CAA2C99-21FD-4BF4-9DFA-1A712C74E091}"
EndProject
Project("{8BC9CEB8-8B4A-11D0-8D11-00A0C91BC942}") = "LG6_Q3", "LG6_Q3\LG6_Q3.vcxproj", "{7B8E8C16-1F9D-4ED7-B5AC-99BC04C72E56}"
EndProject
Project("{8BC9CEB8-8B4A-11D0-8D11-00A0C91BC942}") = "LG7_Q1", "LG7_Q1\LG7_Q1.vcxproj", "{24D6B519-4DB4-4DE5-AE7B-F5CB9EF88683}"
EndProject
Project("{8BC9CEB8-8B4A-11D0-8D11-00A0C91BC942}") = "LG7_Q2", "LG7_Q2\LG7_Q2.vcxproj", "{EA0191C2-7A43-4AF4-908D-557B6A55C1E0}"
EndProject
Project("{8BC9CEB8-8B4A-11D0-8D11-00A0C91BC942}") = "LG10_Q4", "LG10_Q4\LG10_Q4.vcxproj", "{8C923EB8-84FD-425B-8D8B-7193D6B584DD}"
EndProject
Project("{8BC9CEB8-8B4A-11D0-8D11-00A0C91BC942}") = "LG10_AQ1", "LG10_AQ1\LG10_AQ1.vcxproj", "{B8684CD1-EF19-44B2-9815-C521A49823D1}"
EndProject
Project("{8BC9CEB8-8B4A-11D0-8D11-00A0C91BC942}") = "LG11_AQ2", "LG11_AQ2\LG11_AQ2.vcxproj", "{D9F56FD2-B589-4037-A443-AB0C7D0DD3A2}"
EndProject
Project("{8BC9CEB8-8B4A-11D0-8D11-00A0C91BC942}") = "LG15_Q3", "LG15_Q3\LG15_Q3.vcxproj", "{EE7C3AAE-EDF9-49BE-88A7-BEA627B591C2}"
EndProject
Project("{8BC9CEB8-8B4A-11D0-8D11-00A0C91BC942}") = "LG15_Q4", "LG15_Q4\LG15_Q4.vcxproj", "{7BEFDADD-8C3F-4153-82CE-00271024ACCA}"
EndProject
Project("{8BC9CEB8-8B4A-11D0-8D11-00A0C91BC942}") = "LG15_Q2", "LG15_Q2\LG15_Q2.vcxproj", "{EC5CAE9D-F89B-4D4A-80B3-422D57DB2322}"
EndProject
Project("{8BC9CEB8-8B4A-11D0-8D11-00A0C91BC942}") = "LG15_Q1", "LG15_Q1\LG15_Q1.vcxproj", "{4D462A6B-C0A2-45D6-B1C9-AFDFAE55EF4B}"
EndProject
Project("{8BC9CEB8-8B4A-11D0-8D11-00A0C91BC942}") = "LG14_Q1", "LG14_Q1\LG14_Q1.vcxproj", "{9D1CDC5F-CC40-4C74-B3B4-10F4251EABE8}"
EndProject
Project("{8BC9CEB8-8B4A-11D0-8D11-00A0C91BC942}") = "LG14_Q2", "LG14_Q2\LG14_Q2.vcxproj", "{75928371-9A64-4723-AB56-BB0910D69117}"
EndProject
Project("{8BC9CEB8-8B4A-11D0-8D11-00A0C91BC942}") = "LG14_Q3", "LG14_Q3\LG14_Q3.vcxproj", "{1EDE0D3B-4DED-4BD5-A958-D834D2B7887C}"
EndProject
Project("{8BC9CEB8-8B4A-11D0-8D11-00A0C91BC942}") = "LG16_AQ2", "LG16_AQ2\LG16_AQ2.vcxproj", "{88EE6C00-8C4F-4B0B-A4BB-710C46BB995D}"
EndProject
Project("{8BC9CEB8-8B4A-11D0-8D11-00A0C91BC942}") = "EQ11", "EQ11\EQ11.vcxproj", "{B36BBDAE-5505-4ABE-BCC6-DB86ADCB795A}"
EndProject
Project("{8BC9CEB8-8B4A-11D0-8D11-00A0C91BC942}") = "LG17_Q1", "LG17_Q1\LG17_Q1.vcxproj", "{C242A358-2B4C-4287-ADB9-3D900E2A4008}"
EndProject
Project("{8BC9CEB8-8B4A-11D0-8D11-00A0C91BC942}") = "LG18_Q1", "LG18_Q1\LG18_Q1.vcxproj", "{3B1D167D-DF07-4D66-BC8C-68FD501FC79F}"
EndProject
Project("{8BC9CEB8-8B4A-11D0-8D11-00A0C91BC942}") = "LG18_Q2", "LG18_Q2\LG18_Q2.vcxproj", "{CDDF8BD7-B8C1-4B9D-AFAC-AB0934E8064A}"
EndProject
Project("{8BC9CEB8-8B4A-11D0-8D11-00A0C91BC942}") = "LG18_Q3", "LG18_Q3\LG18_Q3.vcxproj", "{D1D34F53-39E2-41BD-86BF-A0924C32D400}"
EndProject
Project("{8BC9CEB8-8B4A-11D0-8D11-00A0C91BC942}") = "LG18_AQ2", "LG18_AQ2\LG18_AQ2.vcxproj", "{0DF171A0-CB0E-43F7-8113-D44D0B34E86D}"
EndProject
Project("{8BC9CEB8-8B4A-11D0-8D11-00A0C91BC942}") = "1.2LG2Q1", "1.2LG2Q1\1.2LG2Q1.vcxproj", "{3C6FAFA0-8252-4A31-BFCA-CE4A02E87971}"
EndProject
Project("{8BC9CEB8-8B4A-11D0-8D11-00A0C91BC942}") = "1.2LG7Q1", "1.2LG7Q1\1.2LG7Q1.vcxproj", "{DE37A69E-EA39-419B-A0BC-0469B3D41B11}"
EndProject
Project("{8BC9CEB8-8B4A-11D0-8D11-00A0C91BC942}") = "1.2LG8_Q1", "1.2LG8_Q1\1.2LG8_Q1.vcxproj", "{1EDE932C-0F84-4ABA-BADC-0D77889A36F8}"
EndProject
Project("{8BC9CEB8-8B4A-11D0-8D11-00A0C91BC942}") = "1.2LG9_AQ2", "1.2LG9_AQ2\1.2LG9_AQ2.vcxproj", "{1503CA53-F7DB-4200-BF15-B6F1A17F2251}"
EndProject
Project("{8BC9CEB8-8B4A-11D0-8D11-00A0C91BC942}") = "1.2LG9_AQ1", "1.2LG9_AQ1\1.2LG9_AQ1.vcxproj", "{A6A7A90F-4A0D-4A5B-B651-D7B927943FB5}"
EndProject
Global
	GlobalSection(SolutionConfigurationPlatforms) = preSolution
		Debug|x64 = Debug|x64
		Debug|x86 = Debug|x86
		Release|x64 = Release|x64
		Release|x86 = Release|x86
	EndGlobalSection
	GlobalSection(ProjectConfigurationPlatforms) = postSolution
		{2A9228E4-A62F-45BB-9FB8-1B4DF05543FD}.Debug|x64.ActiveCfg = Debug|x64
		{2A9228E4-A62F-45BB-9FB8-1B4DF05543FD}.Debug|x64.Build.0 = Debug|x64
		{2A9228E4-A62F-45BB-9FB8-1B4DF05543FD}.Debug|x86.ActiveCfg = Debug|Win32
		{2A9228E4-A62F-45BB-9FB8-1B4DF05543FD}.Debug|x86.Build.0 = Debug|Win32
		{2A9228E4-A62F-45BB-9FB8-1B4DF05543FD}.Release|x64.ActiveCfg = Release|x64
		{2A9228E4-A62F-45BB-9FB8-1B4DF05543FD}.Release|x64.Build.0 = Release|x64
		{2A9228E4-A62F-45BB-9FB8-1B4DF05543FD}.Release|x86.ActiveCfg = Release|Win32
		{2A9228E4-A62F-45BB-9FB8-1B4DF05543FD}.Release|x86.Build.0 = Release|Win32
		{D5E8DAAE-E861-496C-B9B0-2051B96A219A}.Debug|x64.ActiveCfg = Debug|x64
		{D5E8DAAE-E861-496C-B9B0-2051B96A219A}.Debug|x64.Build.0 = Debug|x64
		{D5E8DAAE-E861-496C-B9B0-2051B96A219A}.Debug|x86.ActiveCfg = Debug|Win32
		{D5E8DAAE-E861-496C-B9B0-2051B96A219A}.Debug|x86.Build.0 = Debug|Win32
		{D5E8DAAE-E861-496C-B9B0-2051B96A219A}.Release|x64.ActiveCfg = Release|x64
		{D5E8DAAE-E861-496C-B9B0-2051B96A219A}.Release|x64.Build.0 = Release|x64
		{D5E8DAAE-E861-496C-B9B0-2051B96A219A}.Release|x86.ActiveCfg = Release|Win32
		{D5E8DAAE-E861-496C-B9B0-2051B96A219A}.Release|x86.Build.0 = Release|Win32
		{7B7CA395-97B0-4BF9-ACE3-F62F3FC3144E}.Debug|x64.ActiveCfg = Debug|x64
		{7B7CA395-97B0-4BF9-ACE3-F62F3FC3144E}.Debug|x64.Build.0 = Debug|x64
		{7B7CA395-97B0-4BF9-ACE3-F62F3FC3144E}.Debug|x86.ActiveCfg = Debug|Win32
		{7B7CA395-97B0-4BF9-ACE3-F62F3FC3144E}.Debug|x86.Build.0 = Debug|Win32
		{7B7CA395-97B0-4BF9-ACE3-F62F3FC3144E}.Release|x64.ActiveCfg = Release|x64
		{7B7CA395-97B0-4BF9-ACE3-F62F3FC3144E}.Release|x64.Build.0 = Release|x64
		{7B7CA395-97B0-4BF9-ACE3-F62F3FC3144E}.Release|x86.ActiveCfg = Release|Win32
		{7B7CA395-97B0-4BF9-ACE3-F62F3FC3144E}.Release|x86.Build.0 = Release|Win32
		{82C6DDFF-7EF7-4EEA-B650-4BD7FF7DB0CD}.Debug|x64.ActiveCfg = Debug|x64
		{82C6DDFF-7EF7-4EEA-B650-4BD7FF7DB0CD}.Debug|x64.Build.0 = Debug|x64
		{82C6DDFF-7EF7-4EEA-B650-4BD7FF7DB0CD}.Debug|x86.ActiveCfg = Debug|Win32
		{82C6DDFF-7EF7-4EEA-B650-4BD7FF7DB0CD}.Debug|x86.Build.0 = Debug|Win32
		{82C6DDFF-7EF7-4EEA-B650-4BD7FF7DB0CD}.Release|x64.ActiveCfg = Release|x64
		{82C6DDFF-7EF7-4EEA-B650-4BD7FF7DB0CD}.Release|x64.Build.0 = Release|x64
		{82C6DDFF-7EF7-4EEA-B650-4BD7FF7DB0CD}.Release|x86.ActiveCfg = Release|Win32
		{82C6DDFF-7EF7-4EEA-B650-4BD7FF7DB0CD}.Release|x86.Build.0 = Release|Win32
		{F3DCE1D9-9F72-4DB8-815C-25168F33529E}.Debug|x64.ActiveCfg = Debug|x64
		{F3DCE1D9-9F72-4DB8-815C-25168F33529E}.Debug|x64.Build.0 = Debug|x64
		{F3DCE1D9-9F72-4DB8-815C-25168F33529E}.Debug|x86.ActiveCfg = Debug|Win32
		{F3DCE1D9-9F72-4DB8-815C-25168F33529E}.Debug|x86.Build.0 = Debug|Win32
		{F3DCE1D9-9F72-4DB8-815C-25168F33529E}.Release|x64.ActiveCfg = Release|x64
		{F3DCE1D9-9F72-4DB8-815C-25168F33529E}.Release|x64.Build.0 = Release|x64
		{F3DCE1D9-9F72-4DB8-815C-25168F33529E}.Release|x86.ActiveCfg = Release|Win32
		{F3DCE1D9-9F72-4DB8-815C-25168F33529E}.Release|x86.Build.0 = Release|Win32
		{43EB2933-B2BF-4004-A1F1-930F718001B0}.Debug|x64.ActiveCfg = Debug|x64
		{43EB2933-B2BF-4004-A1F1-930F718001B0}.Debug|x64.Build.0 = Debug|x64
		{43EB2933-B2BF-4004-A1F1-930F718001B0}.Debug|x86.ActiveCfg = Debug|Win32
		{43EB2933-B2BF-4004-A1F1-930F718001B0}.Debug|x86.Build.0 = Debug|Win32
		{43EB2933-B2BF-4004-A1F1-930F718001B0}.Release|x64.ActiveCfg = Release|x64
		{43EB2933-B2BF-4004-A1F1-930F718001B0}.Release|x64.Build.0 = Release|x64
		{43EB2933-B2BF-4004-A1F1-930F718001B0}.Release|x86.ActiveCfg = Release|Win32
		{43EB2933-B2BF-4004-A1F1-930F718001B0}.Release|x86.Build.0 = Release|Win32
		{2660B8D8-047A-4481-876F-CD746DA709EE}.Debug|x64.ActiveCfg = Debug|x64
		{2660B8D8-047A-4481-876F-CD746DA709EE}.Debug|x64.Build.0 = Debug|x64
		{2660B8D8-047A-4481-876F-CD746DA709EE}.Debug|x86.ActiveCfg = Debug|Win32
		{2660B8D8-047A-4481-876F-CD746DA709EE}.Debug|x86.Build.0 = Debug|Win32
		{2660B8D8-047A-4481-876F-CD746DA709EE}.Release|x64.ActiveCfg = Release|x64
		{2660B8D8-047A-4481-876F-CD746DA709EE}.Release|x64.Build.0 = Release|x64
		{2660B8D8-047A-4481-876F-CD746DA709EE}.Release|x86.ActiveCfg = Release|Win32
		{2660B8D8-047A-4481-876F-CD746DA709EE}.Release|x86.Build.0 = Release|Win32
		{FB5C95D2-003A-4D8C-83DD-E0EE5FDE2899}.Debug|x64.ActiveCfg = Debug|x64
		{FB5C95D2-003A-4D8C-83DD-E0EE5FDE2899}.Debug|x64.Build.0 = Debug|x64
		{FB5C95D2-003A-4D8C-83DD-E0EE5FDE2899}.Debug|x86.ActiveCfg = Debug|Win32
		{FB5C95D2-003A-4D8C-83DD-E0EE5FDE2899}.Debug|x86.Build.0 = Debug|Win32
		{FB5C95D2-003A-4D8C-83DD-E0EE5FDE2899}.Release|x64.ActiveCfg = Release|x64
		{FB5C95D2-003A-4D8C-83DD-E0EE5FDE2899}.Release|x64.Build.0 = Release|x64
		{FB5C95D2-003A-4D8C-83DD-E0EE5FDE2899}.Release|x86.ActiveCfg = Release|Win32
		{FB5C95D2-003A-4D8C-83DD-E0EE5FDE2899}.Release|x86.Build.0 = Release|Win32
		{CCBD25EC-265F-47D8-BB73-F6A913C03E77}.Debug|x64.ActiveCfg = Debug|x64
		{CCBD25EC-265F-47D8-BB73-F6A913C03E77}.Debug|x64.Build.0 = Debug|x64
		{CCBD25EC-265F-47D8-BB73-F6A913C03E77}.Debug|x86.ActiveCfg = Debug|Win32
		{CCBD25EC-265F-47D8-BB73-F6A913C03E77}.Debug|x86.Build.0 = Debug|Win32
		{CCBD25EC-265F-47D8-BB73-F6A913C03E77}.Release|x64.ActiveCfg = Release|x64
		{CCBD25EC-265F-47D8-BB73-F6A913C03E77}.Release|x64.Build.0 = Release|x64
		{CCBD25EC-265F-47D8-BB73-F6A913C03E77}.Release|x86.ActiveCfg = Release|Win32
		{CCBD25EC-265F-47D8-BB73-F6A913C03E77}.Release|x86.Build.0 = Release|Win32
		{5C21BFE1-0D61-4825-A23E-C2C90784AE06}.Debug|x64.ActiveCfg = Debug|x64
		{5C21BFE1-0D61-4825-A23E-C2C90784AE06}.Debug|x64.Build.0 = Debug|x64
		{5C21BFE1-0D61-4825-A23E-C2C90784AE06}.Debug|x86.ActiveCfg = Debug|Win32
		{5C21BFE1-0D61-4825-A23E-C2C90784AE06}.Debug|x86.Build.0 = Debug|Win32
		{5C21BFE1-0D61-4825-A23E-C2C90784AE06}.Release|x64.ActiveCfg = Release|x64
		{5C21BFE1-0D61-4825-A23E-C2C90784AE06}.Release|x64.Build.0 = Release|x64
		{5C21BFE1-0D61-4825-A23E-C2C90784AE06}.Release|x86.ActiveCfg = Release|Win32
		{5C21BFE1-0D61-4825-A23E-C2C90784AE06}.Release|x86.Build.0 = Release|Win32
		{F0A3A5FD-A1DE-417C-AC7D-2E83E9CE0CE8}.Debug|x64.ActiveCfg = Debug|x64
		{F0A3A5FD-A1DE-417C-AC7D-2E83E9CE0CE8}.Debug|x64.Build.0 = Debug|x64
		{F0A3A5FD-A1DE-417C-AC7D-2E83E9CE0CE8}.Debug|x86.ActiveCfg = Debug|Win32
		{F0A3A5FD-A1DE-417C-AC7D-2E83E9CE0CE8}.Debug|x86.Build.0 = Debug|Win32
		{F0A3A5FD-A1DE-417C-AC7D-2E83E9CE0CE8}.Release|x64.ActiveCfg = Release|x64
		{F0A3A5FD-A1DE-417C-AC7D-2E83E9CE0CE8}.Release|x64.Build.0 = Release|x64
		{F0A3A5FD-A1DE-417C-AC7D-2E83E9CE0CE8}.Release|x86.ActiveCfg = Release|Win32
		{F0A3A5FD-A1DE-417C-AC7D-2E83E9CE0CE8}.Release|x86.Build.0 = Release|Win32
		{1052A20C-D940-4A5A-AD15-6671995F05AC}.Debug|x64.ActiveCfg = Debug|x64
		{1052A20C-D940-4A5A-AD15-6671995F05AC}.Debug|x64.Build.0 = Debug|x64
		{1052A20C-D940-4A5A-AD15-6671995F05AC}.Debug|x86.ActiveCfg = Debug|Win32
		{1052A20C-D940-4A5A-AD15-6671995F05AC}.Debug|x86.Build.0 = Debug|Win32
		{1052A20C-D940-4A5A-AD15-6671995F05AC}.Release|x64.ActiveCfg = Release|x64
		{1052A20C-D940-4A5A-AD15-6671995F05AC}.Release|x64.Build.0 = Release|x64
		{1052A20C-D940-4A5A-AD15-6671995F05AC}.Release|x86.ActiveCfg = Release|Win32
		{1052A20C-D940-4A5A-AD15-6671995F05AC}.Release|x86.Build.0 = Release|Win32
		{F7A98E6C-57B7-4202-8B00-DCC3441A8A5A}.Debug|x64.ActiveCfg = Debug|x64
		{F7A98E6C-57B7-4202-8B00-DCC3441A8A5A}.Debug|x64.Build.0 = Debug|x64
		{F7A98E6C-57B7-4202-8B00-DCC3441A8A5A}.Debug|x86.ActiveCfg = Debug|Win32
		{F7A98E6C-57B7-4202-8B00-DCC3441A8A5A}.Debug|x86.Build.0 = Debug|Win32
		{F7A98E6C-57B7-4202-8B00-DCC3441A8A5A}.Release|x64.ActiveCfg = Release|x64
		{F7A98E6C-57B7-4202-8B00-DCC3441A8A5A}.Release|x64.Build.0 = Release|x64
		{F7A98E6C-57B7-4202-8B00-DCC3441A8A5A}.Release|x86.ActiveCfg = Release|Win32
		{F7A98E6C-57B7-4202-8B00-DCC3441A8A5A}.Release|x86.Build.0 = Release|Win32
		{853A0FB3-A5A2-4140-987A-876E8FC3DC2C}.Debug|x64.ActiveCfg = Debug|x64
		{853A0FB3-A5A2-4140-987A-876E8FC3DC2C}.Debug|x64.Build.0 = Debug|x64
		{853A0FB3-A5A2-4140-987A-876E8FC3DC2C}.Debug|x86.ActiveCfg = Debug|Win32
		{853A0FB3-A5A2-4140-987A-876E8FC3DC2C}.Debug|x86.Build.0 = Debug|Win32
		{853A0FB3-A5A2-4140-987A-876E8FC3DC2C}.Release|x64.ActiveCfg = Release|x64
		{853A0FB3-A5A2-4140-987A-876E8FC3DC2C}.Release|x64.Build.0 = Release|x64
		{853A0FB3-A5A2-4140-987A-876E8FC3DC2C}.Release|x86.ActiveCfg = Release|Win32
		{853A0FB3-A5A2-4140-987A-876E8FC3DC2C}.Release|x86.Build.0 = Release|Win32
		{1592339F-B3D6-41E8-8A8C-67D46B9E7077}.Debug|x64.ActiveCfg = Debug|x64
		{1592339F-B3D6-41E8-8A8C-67D46B9E7077}.Debug|x64.Build.0 = Debug|x64
		{1592339F-B3D6-41E8-8A8C-67D46B9E7077}.Debug|x86.ActiveCfg = Debug|Win32
		{1592339F-B3D6-41E8-8A8C-67D46B9E7077}.Debug|x86.Build.0 = Debug|Win32
		{1592339F-B3D6-41E8-8A8C-67D46B9E7077}.Release|x64.ActiveCfg = Release|x64
		{1592339F-B3D6-41E8-8A8C-67D46B9E7077}.Release|x64.Build.0 = Release|x64
		{1592339F-B3D6-41E8-8A8C-67D46B9E7077}.Release|x86.ActiveCfg = Release|Win32
		{1592339F-B3D6-41E8-8A8C-67D46B9E7077}.Release|x86.Build.0 = Release|Win32
		{B854BB4C-95F0-486D-B3D2-26134D3AEE09}.Debug|x64.ActiveCfg = Debug|x64
		{B854BB4C-95F0-486D-B3D2-26134D3AEE09}.Debug|x64.Build.0 = Debug|x64
		{B854BB4C-95F0-486D-B3D2-26134D3AEE09}.Debug|x86.ActiveCfg = Debug|Win32
		{B854BB4C-95F0-486D-B3D2-26134D3AEE09}.Debug|x86.Build.0 = Debug|Win32
		{B854BB4C-95F0-486D-B3D2-26134D3AEE09}.Release|x64.ActiveCfg = Release|x64
		{B854BB4C-95F0-486D-B3D2-26134D3AEE09}.Release|x64.Build.0 = Release|x64
		{B854BB4C-95F0-486D-B3D2-26134D3AEE09}.Release|x86.ActiveCfg = Release|Win32
		{B854BB4C-95F0-486D-B3D2-26134D3AEE09}.Release|x86.Build.0 = Release|Win32
		{6F0062AB-2BE1-46E2-8ADA-8275EF4378E7}.Debug|x64.ActiveCfg = Debug|x64
		{6F0062AB-2BE1-46E2-8ADA-8275EF4378E7}.Debug|x64.Build.0 = Debug|x64
		{6F0062AB-2BE1-46E2-8ADA-8275EF4378E7}.Debug|x86.ActiveCfg = Debug|Win32
		{6F0062AB-2BE1-46E2-8ADA-8275EF4378E7}.Debug|x86.Build.0 = Debug|Win32
		{6F0062AB-2BE1-46E2-8ADA-8275EF4378E7}.Release|x64.ActiveCfg = Release|x64
		{6F0062AB-2BE1-46E2-8ADA-8275EF4378E7}.Release|x64.Build.0 = Release|x64
		{6F0062AB-2BE1-46E2-8ADA-8275EF4378E7}.Release|x86.ActiveCfg = Release|Win32
		{6F0062AB-2BE1-46E2-8ADA-8275EF4378E7}.Release|x86.Build.0 = Release|Win32
		{8EFA2338-4945-4617-990F-03293BD167FC}.Debug|x64.ActiveCfg = Debug|x64
		{8EFA2338-4945-4617-990F-03293BD167FC}.Debug|x64.Build.0 = Debug|x64
		{8EFA2338-4945-4617-990F-03293BD167FC}.Debug|x86.ActiveCfg = Debug|Win32
		{8EFA2338-4945-4617-990F-03293BD167FC}.Debug|x86.Build.0 = Debug|Win32
		{8EFA2338-4945-4617-990F-03293BD167FC}.Release|x64.ActiveCfg = Release|x64
		{8EFA2338-4945-4617-990F-03293BD167FC}.Release|x64.Build.0 = Release|x64
		{8EFA2338-4945-4617-990F-03293BD167FC}.Release|x86.ActiveCfg = Release|Win32
		{8EFA2338-4945-4617-990F-03293BD167FC}.Release|x86.Build.0 = Release|Win32
		{3EA3FEBD-9282-469A-B1B1-9766AA7FF1F6}.Debug|x64.ActiveCfg = Debug|x64
		{3EA3FEBD-9282-469A-B1B1-9766AA7FF1F6}.Debug|x64.Build.0 = Debug|x64
		{3EA3FEBD-9282-469A-B1B1-9766AA7FF1F6}.Debug|x86.ActiveCfg = Debug|Win32
		{3EA3FEBD-9282-469A-B1B1-9766AA7FF1F6}.Debug|x86.Build.0 = Debug|Win32
		{3EA3FEBD-9282-469A-B1B1-9766AA7FF1F6}.Release|x64.ActiveCfg = Release|x64
		{3EA3FEBD-9282-469A-B1B1-9766AA7FF1F6}.Release|x64.Build.0 = Release|x64
		{3EA3FEBD-9282-469A-B1B1-9766AA7FF1F6}.Release|x86.ActiveCfg = Release|Win32
		{3EA3FEBD-9282-469A-B1B1-9766AA7FF1F6}.Release|x86.Build.0 = Release|Win32
		{E0EE51AF-0C02-44AD-86BB-974E826DA82D}.Debug|x64.ActiveCfg = Debug|x64
		{E0EE51AF-0C02-44AD-86BB-974E826DA82D}.Debug|x64.Build.0 = Debug|x64
		{E0EE51AF-0C02-44AD-86BB-974E826DA82D}.Debug|x86.ActiveCfg = Debug|Win32
		{E0EE51AF-0C02-44AD-86BB-974E826DA82D}.Debug|x86.Build.0 = Debug|Win32
		{E0EE51AF-0C02-44AD-86BB-974E826DA82D}.Release|x64.ActiveCfg = Release|x64
		{E0EE51AF-0C02-44AD-86BB-974E826DA82D}.Release|x64.Build.0 = Release|x64
		{E0EE51AF-0C02-44AD-86BB-974E826DA82D}.Release|x86.ActiveCfg = Release|Win32
		{E0EE51AF-0C02-44AD-86BB-974E826DA82D}.Release|x86.Build.0 = Release|Win32
		{851930CE-F615-494B-AB27-71578AEF7FC1}.Debug|x64.ActiveCfg = Debug|x64
		{851930CE-F615-494B-AB27-71578AEF7FC1}.Debug|x64.Build.0 = Debug|x64
		{851930CE-F615-494B-AB27-71578AEF7FC1}.Debug|x86.ActiveCfg = Debug|Win32
		{851930CE-F615-494B-AB27-71578AEF7FC1}.Debug|x86.Build.0 = Debug|Win32
		{851930CE-F615-494B-AB27-71578AEF7FC1}.Release|x64.ActiveCfg = Release|x64
		{851930CE-F615-494B-AB27-71578AEF7FC1}.Release|x64.Build.0 = Release|x64
		{851930CE-F615-494B-AB27-71578AEF7FC1}.Release|x86.ActiveCfg = Release|Win32
		{851930CE-F615-494B-AB27-71578AEF7FC1}.Release|x86.Build.0 = Release|Win32
		{1CAA2C99-21FD-4BF4-9DFA-1A712C74E091}.Debug|x64.ActiveCfg = Debug|x64
		{1CAA2C99-21FD-4BF4-9DFA-1A712C74E091}.Debug|x64.Build.0 = Debug|x64
		{1CAA2C99-21FD-4BF4-9DFA-1A712C74E091}.Debug|x86.ActiveCfg = Debug|Win32
		{1CAA2C99-21FD-4BF4-9DFA-1A712C74E091}.Debug|x86.Build.0 = Debug|Win32
		{1CAA2C99-21FD-4BF4-9DFA-1A712C74E091}.Release|x64.ActiveCfg = Release|x64
		{1CAA2C99-21FD-4BF4-9DFA-1A712C74E091}.Release|x64.Build.0 = Release|x64
		{1CAA2C99-21FD-4BF4-9DFA-1A712C74E091}.Release|x86.ActiveCfg = Release|Win32
		{1CAA2C99-21FD-4BF4-9DFA-1A712C74E091}.Release|x86.Build.0 = Release|Win32
		{7B8E8C16-1F9D-4ED7-B5AC-99BC04C72E56}.Debug|x64.ActiveCfg = Debug|x64
		{7B8E8C16-1F9D-4ED7-B5AC-99BC04C72E56}.Debug|x64.Build.0 = Debug|x64
		{7B8E8C16-1F9D-4ED7-B5AC-99BC04C72E56}.Debug|x86.ActiveCfg = Debug|Win32
		{7B8E8C16-1F9D-4ED7-B5AC-99BC04C72E56}.Debug|x86.Build.0 = Debug|Win32
		{7B8E8C16-1F9D-4ED7-B5AC-99BC04C72E56}.Release|x64.ActiveCfg = Release|x64
		{7B8E8C16-1F9D-4ED7-B5AC-99BC04C72E56}.Release|x64.Build.0 = Release|x64
		{7B8E8C16-1F9D-4ED7-B5AC-99BC04C72E56}.Release|x86.ActiveCfg = Release|Win32
		{7B8E8C16-1F9D-4ED7-B5AC-99BC04C72E56}.Release|x86.Build.0 = Release|Win32
		{24D6B519-4DB4-4DE5-AE7B-F5CB9EF88683}.Debug|x64.ActiveCfg = Debug|x64
		{24D6B519-4DB4-4DE5-AE7B-F5CB9EF88683}.Debug|x64.Build.0 = Debug|x64
		{24D6B519-4DB4-4DE5-AE7B-F5CB9EF88683}.Debug|x86.ActiveCfg = Debug|Win32
		{24D6B519-4DB4-4DE5-AE7B-F5CB9EF88683}.Debug|x86.Build.0 = Debug|Win32
		{24D6B519-4DB4-4DE5-AE7B-F5CB9EF88683}.Release|x64.ActiveCfg = Release|x64
		{24D6B519-4DB4-4DE5-AE7B-F5CB9EF88683}.Release|x64.Build.0 = Release|x64
		{24D6B519-4DB4-4DE5-AE7B-F5CB9EF88683}.Release|x86.ActiveCfg = Release|Win32
		{24D6B519-4DB4-4DE5-AE7B-F5CB9EF88683}.Release|x86.Build.0 = Release|Win32
		{EA0191C2-7A43-4AF4-908D-557B6A55C1E0}.Debug|x64.ActiveCfg = Debug|x64
		{EA0191C2-7A43-4AF4-908D-557B6A55C1E0}.Debug|x64.Build.0 = Debug|x64
		{EA0191C2-7A43-4AF4-908D-557B6A55C1E0}.Debug|x86.ActiveCfg = Debug|Win32
		{EA0191C2-7A43-4AF4-908D-557B6A55C1E0}.Debug|x86.Build.0 = Debug|Win32
		{EA0191C2-7A43-4AF4-908D-557B6A55C1E0}.Release|x64.ActiveCfg = Release|x64
		{EA0191C2-7A43-4AF4-908D-557B6A55C1E0}.Release|x64.Build.0 = Release|x64
		{EA0191C2-7A43-4AF4-908D-557B6A55C1E0}.Release|x86.ActiveCfg = Release|Win32
		{EA0191C2-7A43-4AF4-908D-557B6A55C1E0}.Release|x86.Build.0 = Release|Win32
		{8C923EB8-84FD-425B-8D8B-7193D6B584DD}.Debug|x64.ActiveCfg = Debug|x64
		{8C923EB8-84FD-425B-8D8B-7193D6B584DD}.Debug|x64.Build.0 = Debug|x64
		{8C923EB8-84FD-425B-8D8B-7193D6B584DD}.Debug|x86.ActiveCfg = Debug|Win32
		{8C923EB8-84FD-425B-8D8B-7193D6B584DD}.Debug|x86.Build.0 = Debug|Win32
		{8C923EB8-84FD-425B-8D8B-7193D6B584DD}.Release|x64.ActiveCfg = Release|x64
		{8C923EB8-84FD-425B-8D8B-7193D6B584DD}.Release|x64.Build.0 = Release|x64
		{8C923EB8-84FD-425B-8D8B-7193D6B584DD}.Release|x86.ActiveCfg = Release|Win32
		{8C923EB8-84FD-425B-8D8B-7193D6B584DD}.Release|x86.Build.0 = Release|Win32
		{B8684CD1-EF19-44B2-9815-C521A49823D1}.Debug|x64.ActiveCfg = Debug|x64
		{B8684CD1-EF19-44B2-9815-C521A49823D1}.Debug|x64.Build.0 = Debug|x64
		{B8684CD1-EF19-44B2-9815-C521A49823D1}.Debug|x86.ActiveCfg = Debug|Win32
		{B8684CD1-EF19-44B2-9815-C521A49823D1}.Debug|x86.Build.0 = Debug|Win32
		{B8684CD1-EF19-44B2-9815-C521A49823D1}.Release|x64.ActiveCfg = Release|x64
		{B8684CD1-EF19-44B2-9815-C521A49823D1}.Release|x64.Build.0 = Release|x64
		{B8684CD1-EF19-44B2-9815-C521A49823D1}.Release|x86.ActiveCfg = Release|Win32
		{B8684CD1-EF19-44B2-9815-C521A49823D1}.Release|x86.Build.0 = Release|Win32
		{D9F56FD2-B589-4037-A443-AB0C7D0DD3A2}.Debug|x64.ActiveCfg = Debug|x64
		{D9F56FD2-B589-4037-A443-AB0C7D0DD3A2}.Debug|x64.Build.0 = Debug|x64
		{D9F56FD2-B589-4037-A443-AB0C7D0DD3A2}.Debug|x86.ActiveCfg = Debug|Win32
		{D9F56FD2-B589-4037-A443-AB0C7D0DD3A2}.Debug|x86.Build.0 = Debug|Win32
		{D9F56FD2-B589-4037-A443-AB0C7D0DD3A2}.Release|x64.ActiveCfg = Release|x64
		{D9F56FD2-B589-4037-A443-AB0C7D0DD3A2}.Release|x64.Build.0 = Release|x64
		{D9F56FD2-B589-4037-A443-AB0C7D0DD3A2}.Release|x86.ActiveCfg = Release|Win32
		{D9F56FD2-B589-4037-A443-AB0C7D0DD3A2}.Release|x86.Build.0 = Release|Win32
		{EE7C3AAE-EDF9-49BE-88A7-BEA627B591C2}.Debug|x64.ActiveCfg = Debug|x64
		{EE7C3AAE-EDF9-49BE-88A7-BEA627B591C2}.Debug|x64.Build.0 = Debug|x64
		{EE7C3AAE-EDF9-49BE-88A7-BEA627B591C2}.Debug|x86.ActiveCfg = Debug|Win32
		{EE7C3AAE-EDF9-49BE-88A7-BEA627B591C2}.Debug|x86.Build.0 = Debug|Win32
		{EE7C3AAE-EDF9-49BE-88A7-BEA627B591C2}.Release|x64.ActiveCfg = Release|x64
		{EE7C3AAE-EDF9-49BE-88A7-BEA627B591C2}.Release|x64.Build.0 = Release|x64
		{EE7C3AAE-EDF9-49BE-88A7-BEA627B591C2}.Release|x86.ActiveCfg = Release|Win32
		{EE7C3AAE-EDF9-49BE-88A7-BEA627B591C2}.Release|x86.Build.0 = Release|Win32
		{7BEFDADD-8C3F-4153-82CE-00271024ACCA}.Debug|x64.ActiveCfg = Debug|x64
		{7BEFDADD-8C3F-4153-82CE-00271024ACCA}.Debug|x64.Build.0 = Debug|x64
		{7BEFDADD-8C3F-4153-82CE-00271024ACCA}.Debug|x86.ActiveCfg = Debug|Win32
		{7BEFDADD-8C3F-4153-82CE-00271024ACCA}.Debug|x86.Build.0 = Debug|Win32
		{7BEFDADD-8C3F-4153-82CE-00271024ACCA}.Release|x64.ActiveCfg = Release|x64
		{7BEFDADD-8C3F-4153-82CE-00271024ACCA}.Release|x64.Build.0 = Release|x64
		{7BEFDADD-8C3F-4153-82CE-00271024ACCA}.Release|x86.ActiveCfg = Release|Win32
		{7BEFDADD-8C3F-4153-82CE-00271024ACCA}.Release|x86.Build.0 = Release|Win32
		{EC5CAE9D-F89B-4D4A-80B3-422D57DB2322}.Debug|x64.ActiveCfg = Debug|x64
		{EC5CAE9D-F89B-4D4A-80B3-422D57DB2322}.Debug|x64.Build.0 = Debug|x64
		{EC5CAE9D-F89B-4D4A-80B3-422D57DB2322}.Debug|x86.ActiveCfg = Debug|Win32
		{EC5CAE9D-F89B-4D4A-80B3-422D57DB2322}.Debug|x86.Build.0 = Debug|Win32
		{EC5CAE9D-F89B-4D4A-80B3-422D57DB2322}.Release|x64.ActiveCfg = Release|x64
		{EC5CAE9D-F89B-4D4A-80B3-422D57DB2322}.Release|x64.Build.0 = Release|x64
		{EC5CAE9D-F89B-4D4A-80B3-422D57DB2322}.Release|x86.ActiveCfg = Release|Win32
		{EC5CAE9D-F89B-4D4A-80B3-422D57DB2322}.Release|x86.Build.0 = Release|Win32
		{4D462A6B-C0A2-45D6-B1C9-AFDFAE55EF4B}.Debug|x64.ActiveCfg = Debug|x64
		{4D462A6B-C0A2-45D6-B1C9-AFDFAE55EF4B}.Debug|x64.Build.0 = Debug|x64
		{4D462A6B-C0A2-45D6-B1C9-AFDFAE55EF4B}.Debug|x86.ActiveCfg = Debug|Win32
		{4D462A6B-C0A2-45D6-B1C9-AFDFAE55EF4B}.Debug|x86.Build.0 = Debug|Win32
		{4D462A6B-C0A2-45D6-B1C9-AFDFAE55EF4B}.Release|x64.ActiveCfg = Release|x64
		{4D462A6B-C0A2-45D6-B1C9-AFDFAE55EF4B}.Release|x64.Build.0 = Release|x64
		{4D462A6B-C0A2-45D6-B1C9-AFDFAE55EF4B}.Release|x86.ActiveCfg = Release|Win32
		{4D462A6B-C0A2-45D6-B1C9-AFDFAE55EF4B}.Release|x86.Build.0 = Release|Win32
		{9D1CDC5F-CC40-4C74-B3B4-10F4251EABE8}.Debug|x64.ActiveCfg = Debug|x64
		{9D1CDC5F-CC40-4C74-B3B4-10F4251EABE8}.Debug|x64.Build.0 = Debug|x64
		{9D1CDC5F-CC40-4C74-B3B4-10F4251EABE8}.Debug|x86.ActiveCfg = Debug|Win32
		{9D1CDC5F-CC40-4C74-B3B4-10F4251EABE8}.Debug|x86.Build.0 = Debug|Win32
		{9D1CDC5F-CC40-4C74-B3B4-10F4251EABE8}.Release|x64.ActiveCfg = Release|x64
		{9D1CDC5F-CC40-4C74-B3B4-10F4251EABE8}.Release|x64.Build.0 = Release|x64
		{9D1CDC5F-CC40-4C74-B3B4-10F4251EABE8}.Release|x86.ActiveCfg = Release|Win32
		{9D1CDC5F-CC40-4C74-B3B4-10F4251EABE8}.Release|x86.Build.0 = Release|Win32
		{75928371-9A64-4723-AB56-BB0910D69117}.Debug|x64.ActiveCfg = Debug|x64
		{75928371-9A64-4723-AB56-BB0910D69117}.Debug|x64.Build.0 = Debug|x64
		{75928371-9A64-4723-AB56-BB0910D69117}.Debug|x86.ActiveCfg = Debug|Win32
		{75928371-9A64-4723-AB56-BB0910D69117}.Debug|x86.Build.0 = Debug|Win32
		{75928371-9A64-4723-AB56-BB0910D69117}.Release|x64.ActiveCfg = Release|x64
		{75928371-9A64-4723-AB56-BB0910D69117}.Release|x64.Build.0 = Release|x64
		{75928371-9A64-4723-AB56-BB0910D69117}.Release|x86.ActiveCfg = Release|Win32
		{75928371-9A64-4723-AB56-BB0910D69117}.Release|x86.Build.0 = Release|Win32
		{1EDE0D3B-4DED-4BD5-A958-D834D2B7887C}.Debug|x64.ActiveCfg = Debug|x64
		{1EDE0D3B-4DED-4BD5-A958-D834D2B7887C}.Debug|x64.Build.0 = Debug|x64
		{1EDE0D3B-4DED-4BD5-A958-D834D2B7887C}.Debug|x86.ActiveCfg = Debug|Win32
		{1EDE0D3B-4DED-4BD5-A958-D834D2B7887C}.Debug|x86.Build.0 = Debug|Win32
		{1EDE0D3B-4DED-4BD5-A958-D834D2B7887C}.Release|x64.ActiveCfg = Release|x64
		{1EDE0D3B-4DED-4BD5-A958-D834D2B7887C}.Release|x64.Build.0 = Release|x64
		{1EDE0D3B-4DED-4BD5-A958-D834D2B7887C}.Release|x86.ActiveCfg = Release|Win32
		{1EDE0D3B-4DED-4BD5-A958-D834D2B7887C}.Release|x86.Build.0 = Release|Win32
		{88EE6C00-8C4F-4B0B-A4BB-710C46BB995D}.Debug|x64.ActiveCfg = Debug|x64
		{88EE6C00-8C4F-4B0B-A4BB-710C46BB995D}.Debug|x64.Build.0 = Debug|x64
		{88EE6C00-8C4F-4B0B-A4BB-710C46BB995D}.Debug|x86.ActiveCfg = Debug|Win32
		{88EE6C00-8C4F-4B0B-A4BB-710C46BB995D}.Debug|x86.Build.0 = Debug|Win32
		{88EE6C00-8C4F-4B0B-A4BB-710C46BB995D}.Release|x64.ActiveCfg = Release|x64
		{88EE6C00-8C4F-4B0B-A4BB-710C46BB995D}.Release|x64.Build.0 = Release|x64
		{88EE6C00-8C4F-4B0B-A4BB-710C46BB995D}.Release|x86.ActiveCfg = Release|Win32
		{88EE6C00-8C4F-4B0B-A4BB-710C46BB995D}.Release|x86.Build.0 = Release|Win32
		{B36BBDAE-5505-4ABE-BCC6-DB86ADCB795A}.Debug|x64.ActiveCfg = Debug|x64
		{B36BBDAE-5505-4ABE-BCC6-DB86ADCB795A}.Debug|x64.Build.0 = Debug|x64
		{B36BBDAE-5505-4ABE-BCC6-DB86ADCB795A}.Debug|x86.ActiveCfg = Debug|Win32
		{B36BBDAE-5505-4ABE-BCC6-DB86ADCB795A}.Debug|x86.Build.0 = Debug|Win32
		{B36BBDAE-5505-4ABE-BCC6-DB86ADCB795A}.Release|x64.ActiveCfg = Release|x64
		{B36BBDAE-5505-4ABE-BCC6-DB86ADCB795A}.Release|x64.Build.0 = Release|x64
		{B36BBDAE-5505-4ABE-BCC6-DB86ADCB795A}.Release|x86.ActiveCfg = Release|Win32
		{B36BBDAE-5505-4ABE-BCC6-DB86ADCB795A}.Release|x86.Build.0 = Release|Win32
		{C242A358-2B4C-4287-ADB9-3D900E2A4008}.Debug|x64.ActiveCfg = Debug|x64
		{C242A358-2B4C-4287-ADB9-3D900E2A4008}.Debug|x64.Build.0 = Debug|x64
		{C242A358-2B4C-4287-ADB9-3D900E2A4008}.Debug|x86.ActiveCfg = Debug|Win32
		{C242A358-2B4C-4287-ADB9-3D900E2A4008}.Debug|x86.Build.0 = Debug|Win32
		{C242A358-2B4C-4287-ADB9-3D900E2A4008}.Release|x64.ActiveCfg = Release|x64
		{C242A358-2B4C-4287-ADB9-3D900E2A4008}.Release|x64.Build.0 = Release|x64
		{C242A358-2B4C-4287-ADB9-3D900E2A4008}.Release|x86.ActiveCfg = Release|Win32
		{C242A358-2B4C-4287-ADB9-3D900E2A4008}.Release|x86.Build.0 = Release|Win32
		{3B1D167D-DF07-4D66-BC8C-68FD501FC79F}.Debug|x64.ActiveCfg = Debug|x64
		{3B1D167D-DF07-4D66-BC8C-68FD501FC79F}.Debug|x64.Build.0 = Debug|x64
		{3B1D167D-DF07-4D66-BC8C-68FD501FC79F}.Debug|x86.ActiveCfg = Debug|Win32
		{3B1D167D-DF07-4D66-BC8C-68FD501FC79F}.Debug|x86.Build.0 = Debug|Win32
		{3B1D167D-DF07-4D66-BC8C-68FD501FC79F}.Release|x64.ActiveCfg = Release|x64
		{3B1D167D-DF07-4D66-BC8C-68FD501FC79F}.Release|x64.Build.0 = Release|x64
		{3B1D167D-DF07-4D66-BC8C-68FD501FC79F}.Release|x86.ActiveCfg = Release|Win32
		{3B1D167D-DF07-4D66-BC8C-68FD501FC79F}.Release|x86.Build.0 = Release|Win32
		{CDDF8BD7-B8C1-4B9D-AFAC-AB0934E8064A}.Debug|x64.ActiveCfg = Debug|x64
		{CDDF8BD7-B8C1-4B9D-AFAC-AB0934E8064A}.Debug|x64.Build.0 = Debug|x64
		{CDDF8BD7-B8C1-4B9D-AFAC-AB0934E8064A}.Debug|x86.ActiveCfg = Debug|Win32
		{CDDF8BD7-B8C1-4B9D-AFAC-AB0934E8064A}.Debug|x86.Build.0 = Debug|Win32
		{CDDF8BD7-B8C1-4B9D-AFAC-AB0934E8064A}.Release|x64.ActiveCfg = Release|x64
		{CDDF8BD7-B8C1-4B9D-AFAC-AB0934E8064A}.Release|x64.Build.0 = Release|x64
		{CDDF8BD7-B8C1-4B9D-AFAC-AB0934E8064A}.Release|x86.ActiveCfg = Release|Win32
		{CDDF8BD7-B8C1-4B9D-AFAC-AB0934E8064A}.Release|x86.Build.0 = Release|Win32
		{D1D34F53-39E2-41BD-86BF-A0924C32D400}.Debug|x64.ActiveCfg = Debug|x64
		{D1D34F53-39E2-41BD-86BF-A0924C32D400}.Debug|x64.Build.0 = Debug|x64
		{D1D34F53-39E2-41BD-86BF-A0924C32D400}.Debug|x86.ActiveCfg = Debug|Win32
		{D1D34F53-39E2-41BD-86BF-A0924C32D400}.Debug|x86.Build.0 = Debug|Win32
		{D1D34F53-39E2-41BD-86BF-A0924C32D400}.Release|x64.ActiveCfg = Release|x64
		{D1D34F53-39E2-41BD-86BF-A0924C32D400}.Release|x64.Build.0 = Release|x64
		{D1D34F53-39E2-41BD-86BF-A0924C32D400}.Release|x86.ActiveCfg = Release|Win32
		{D1D34F53-39E2-41BD-86BF-A0924C32D400}.Release|x86.Build.0 = Release|Win32
		{0DF171A0-CB0E-43F7-8113-D44D0B34E86D}.Debug|x64.ActiveCfg = Debug|x64
		{0DF171A0-CB0E-43F7-8113-D44D0B34E86D}.Debug|x64.Build.0 = Debug|x64
		{0DF171A0-CB0E-43F7-8113-D44D0B34E86D}.Debug|x86.ActiveCfg = Debug|Win32
		{0DF171A0-CB0E-43F7-8113-D44D0B34E86D}.Debug|x86.Build.0 = Debug|Win32
		{0DF171A0-CB0E-43F7-8113-D44D0B34E86D}.Release|x64.ActiveCfg = Release|x64
		{0DF171A0-CB0E-43F7-8113-D44D0B34E86D}.Release|x64.Build.0 = Release|x64
		{0DF171A0-CB0E-43F7-8113-D44D0B34E86D}.Release|x86.ActiveCfg = Release|Win32
		{0DF171A0-CB0E-43F7-8113-D44D0B34E86D}.Release|x86.Build.0 = Release|Win32
		{3C6FAFA0-8252-4A31-BFCA-CE4A02E87971}.Debug|x64.ActiveCfg = Debug|x64
		{3C6FAFA0-8252-4A31-BFCA-CE4A02E87971}.Debug|x64.Build.0 = Debug|x64
		{3C6FAFA0-8252-4A31-BFCA-CE4A02E87971}.Debug|x86.ActiveCfg = Debug|Win32
		{3C6FAFA0-8252-4A31-BFCA-CE4A02E87971}.Debug|x86.Build.0 = Debug|Win32
		{3C6FAFA0-8252-4A31-BFCA-CE4A02E87971}.Release|x64.ActiveCfg = Release|x64
		{3C6FAFA0-8252-4A31-BFCA-CE4A02E87971}.Release|x64.Build.0 = Release|x64
		{3C6FAFA0-8252-4A31-BFCA-CE4A02E87971}.Release|x86.ActiveCfg = Release|Win32
		{3C6FAFA0-8252-4A31-BFCA-CE4A02E87971}.Release|x86.Build.0 = Release|Win32
		{DE37A69E-EA39-419B-A0BC-0469B3D41B11}.Debug|x64.ActiveCfg = Debug|x64
		{DE37A69E-EA39-419B-A0BC-0469B3D41B11}.Debug|x64.Build.0 = Debug|x64
		{DE37A69E-EA39-419B-A0BC-0469B3D41B11}.Debug|x86.ActiveCfg = Debug|Win32
		{DE37A69E-EA39-419B-A0BC-0469B3D41B11}.Debug|x86.Build.0 = Debug|Win32
		{DE37A69E-EA39-419B-A0BC-0469B3D41B11}.Release|x64.ActiveCfg = Release|x64
		{DE37A69E-EA39-419B-A0BC-0469B3D41B11}.Release|x64.Build.0 = Release|x64
		{DE37A69E-EA39-419B-A0BC-0469B3D41B11}.Release|x86.ActiveCfg = Release|Win32
		{DE37A69E-EA39-419B-A0BC-0469B3D41B11}.Release|x86.Build.0 = Release|Win32
		{1EDE932C-0F84-4ABA-BADC-0D77889A36F8}.Debug|x64.ActiveCfg = Debug|x64
		{1EDE932C-0F84-4ABA-BADC-0D77889A36F8}.Debug|x64.Build.0 = Debug|x64
		{1EDE932C-0F84-4ABA-BADC-0D77889A36F8}.Debug|x86.ActiveCfg = Debug|Win32
		{1EDE932C-0F84-4ABA-BADC-0D77889A36F8}.Debug|x86.Build.0 = Debug|Win32
		{1EDE932C-0F84-4ABA-BADC-0D77889A36F8}.Release|x64.ActiveCfg = Release|x64
		{1EDE932C-0F84-4ABA-BADC-0D77889A36F8}.Release|x64.Build.0 = Release|x64
		{1EDE932C-0F84-4ABA-BADC-0D77889A36F8}.Release|x86.ActiveCfg = Release|Win32
		{1EDE932C-0F84-4ABA-BADC-0D77889A36F8}.Release|x86.Build.0 = Release|Win32
		{1503CA53-F7DB-4200-BF15-B6F1A17F2251}.Debug|x64.ActiveCfg = Debug|x64
		{1503CA53-F7DB-4200-BF15-B6F1A17F2251}.Debug|x64.Build.0 = Debug|x64
		{1503CA53-F7DB-4200-BF15-B6F1A17F2251}.Debug|x86.ActiveCfg = Debug|Win32
		{1503CA53-F7DB-4200-BF15-B6F1A17F2251}.Debug|x86.Build.0 = Debug|Win32
		{1503CA53-F7DB-4200-BF15-B6F1A17F2251}.Release|x64.ActiveCfg = Release|x64
		{1503CA53-F7DB-4200-BF15-B6F1A17F2251}.Release|x64.Build.0 = Release|x64
		{1503CA53-F7DB-4200-BF15-B6F1A17F2251}.Release|x86.ActiveCfg = Release|Win32
		{1503CA53-F7DB-4200-BF15-B6F1A17F2251}.Release|x86.Build.0 = Release|Win32
		{A6A7A90F-4A0D-4A5B-B651-D7B927943FB5}.Debug|x64.ActiveCfg = Debug|x64
		{A6A7A90F-4A0D-4A5B-B651-D7B927943FB5}.Debug|x64.Build.0 = Debug|x64
		{A6A7A90F-4A0D-4A5B-B651-D7B927943FB5}.Debug|x86.ActiveCfg = Debug|Win32
		{A6A7A90F-4A0D-4A5B-B651-D7B927943FB5}.Debug|x86.Build.0 = Debug|Win32
		{A6A7A90F-4A0D-4A5B-B651-D7B927943FB5}.Release|x64.ActiveCfg = Release|x64
		{A6A7A90F-4A0D-4A5B-B651-D7B927943FB5}.Release|x64.Build.0 = Release|x64
		{A6A7A90F-4A0D-4A5B-B651-D7B927943FB5}.Release|x86.ActiveCfg = Release|Win32
		{A6A7A90F-4A0D-4A5B-B651-D7B927943FB5}.Release|x86.Build.0 = Release|Win32
	EndGlobalSection
	GlobalSection(SolutionProperties) = preSolution
		HideSolutionNode = FALSE
	EndGlobalSection
	GlobalSection(ExtensibilityGlobals) = postSolution
		SolutionGuid = {C71F4EFD-E153-4489-B28E-8CC08517F88B}
	EndGlobalSection
EndGlobal
